
Microsoft Visual Studio Solution File, Format Version 12.00
# Visual Studio Version 16
VisualStudioVersion = 16.0.34031.81
MinimumVisualStudioVersion = 10.0.40219.1
Project("{2150E333-8FDC-42A3-9474-1A3956D46DE8}") = "Task0", "Task0", "{C960F1B4-985C-4158-A1EF-62EFED2CE8C0}"
EndProject
Project("{FAE04EC0-301F-11D3-BF4B-00C04F79EFBC}") = "Tyuiu.MedvedevKA.Sprint6.Task0.V4.Lib", "Tyuiu.MedvedevKA.Sprint6.Task0.V4.Lib\Tyuiu.MedvedevKA.Sprint6.Task0.V4.Lib.csproj", "{30E70523-88EE-4DDA-8B81-5A8AA4AACCC2}"
EndProject
Project("{FAE04EC0-301F-11D3-BF4B-00C04F79EFBC}") = "Tyuiu.MedvedevKA.Sprint6.Task0.V4.Test", "Tyuiu.MedvedevKA.Sprint6.Task0.V4.Test\Tyuiu.MedvedevKA.Sprint6.Task0.V4.Test.csproj", "{2821A350-334A-46EB-AB1D-0AC1E10E6843}"
EndProject
Project("{FAE04EC0-301F-11D3-BF4B-00C04F79EFBC}") = "Tyuiu.MedvedevKA.Sprint6.Task0.V4", "Tyuiu.MedvedevKA.Sprint6.Task0.V4\Tyuiu.MedvedevKA.Sprint6.Task0.V4.csproj", "{E916D1F0-E9CE-44B8-A7E0-405A4DC97505}"
EndProject
Project("{2150E333-8FDC-42A3-9474-1A3956D46DE8}") = "Task1", "Task1", "{25439EEF-FEAD-49B1-A6F2-10D0060F5EA8}"
EndProject
Project("{FAE04EC0-301F-11D3-BF4B-00C04F79EFBC}") = "Tyuiu.MedvedevKA.Sprint6.Task1.V4.Lib", "Tyuiu.MedvedevKA.Sprint6.Task1.V4.Lib\Tyuiu.MedvedevKA.Sprint6.Task1.V4.Lib.csproj", "{A2779AAD-BDFE-4D06-BB01-84BB7D07D56B}"
EndProject
Project("{FAE04EC0-301F-11D3-BF4B-00C04F79EFBC}") = "Tyuiu.MedvedevKA.Sprint6.Task1.V4.Test", "Tyuiu.MedvedevKA.Sprint6.Task1.V4.Test\Tyuiu.MedvedevKA.Sprint6.Task1.V4.Test.csproj", "{9583FB70-2B54-452E-A78F-ECAF2C4E0BF7}"
EndProject
Project("{FAE04EC0-301F-11D3-BF4B-00C04F79EFBC}") = "Tyuiu.MedvedevKA.Sprint6.Task1.V4", "Tyuiu.MedvedevKA.Sprint6.Task1.V4\Tyuiu.MedvedevKA.Sprint6.Task1.V4.csproj", "{46C98895-FFDA-4A52-8BE2-3C52E6E9C973}"
EndProject
Project("{2150E333-8FDC-42A3-9474-1A3956D46DE8}") = "Task2", "Task2", "{11CB5F9D-98CD-4206-88FF-2FDCB41FAA0A}"
EndProject
Project("{FAE04EC0-301F-11D3-BF4B-00C04F79EFBC}") = "Tyuiu.MedvedevKA.Sprint6.Task2.V20.Lib", "Tyuiu.MedvedevKA.Sprint6.Task2.V20.Lib\Tyuiu.MedvedevKA.Sprint6.Task2.V20.Lib.csproj", "{BE4924EB-7CB7-4FDE-BFEE-ACA27286A9DE}"
EndProject
Project("{FAE04EC0-301F-11D3-BF4B-00C04F79EFBC}") = "Tyuiu.MedvedevKA.Sprint6.Task2.V20.Test", "Tyuiu.MedvedevKA.Sprint6.Task2.V20.Test\Tyuiu.MedvedevKA.Sprint6.Task2.V20.Test.csproj", "{5F0C4327-3EF2-45FF-92B6-1F700CBB254F}"
EndProject
Project("{FAE04EC0-301F-11D3-BF4B-00C04F79EFBC}") = "Tyuiu.MedvedevKA.Sprint6.Task2.V20", "Tyuiu.MedvedevKA.Sprint6.Task2.V20\Tyuiu.MedvedevKA.Sprint6.Task2.V20.csproj", "{24075BF3-5B3A-4AAF-98A1-B7DA3C4669DD}"
EndProject
Project("{2150E333-8FDC-42A3-9474-1A3956D46DE8}") = "Task3", "Task3", "{C3B19D91-BB5C-4618-8547-DAAB324C1872}"
EndProject
Project("{FAE04EC0-301F-11D3-BF4B-00C04F79EFBC}") = "Tyuiu.MedvedevKA.Sprint6.Task3.V22.Test", "Tyuiu.MedvedevKA.Sprint6.Task3.V22.Test\Tyuiu.MedvedevKA.Sprint6.Task3.V22.Test.csproj", "{C690D275-80B9-4DC7-A552-D4C3FAA75009}"
EndProject
Project("{FAE04EC0-301F-11D3-BF4B-00C04F79EFBC}") = "Tyuiu.MedvedevKA.Sprint6.Task3.V22.Lib", "Tyuiu.MedvedevKA.Sprint6.Task3.V22.Lib\Tyuiu.MedvedevKA.Sprint6.Task3.V22.Lib.csproj", "{1F3D1888-7245-4395-8838-90043CB8402D}"
EndProject
Project("{FAE04EC0-301F-11D3-BF4B-00C04F79EFBC}") = "Tyuiu.MedvedevKA.Sprint6.Task3.V22", "Tyuiu.MedvedevKA.Sprint6.Task3.V22\Tyuiu.MedvedevKA.Sprint6.Task3.V22.csproj", "{3133C40A-6473-4804-8D28-1FB573129780}"
EndProject
Project("{2150E333-8FDC-42A3-9474-1A3956D46DE8}") = "Task4", "Task4", "{3D014B99-E888-4C7E-B902-382E60FDCB1E}"
EndProject
Project("{FAE04EC0-301F-11D3-BF4B-00C04F79EFBC}") = "Tyuiu.MedvedevKA.Sprint6.Task4.V23.Lib", "Tyuiu.MedvedevKA.Sprint6.Task4.V23.Lib\Tyuiu.MedvedevKA.Sprint6.Task4.V23.Lib.csproj", "{ECF2FE2B-5480-4B5B-9584-7A7AF5CF1C46}"
EndProject
Project("{FAE04EC0-301F-11D3-BF4B-00C04F79EFBC}") = "Tyuiu.MedvedevKA.Sprint6.Task4.V23.Test", "Tyuiu.MedvedevKA.Sprint6.Task4.V23.Test\Tyuiu.MedvedevKA.Sprint6.Task4.V23.Test.csproj", "{954C2397-910F-43C3-9556-431F01B87DD7}"
EndProject
Project("{FAE04EC0-301F-11D3-BF4B-00C04F79EFBC}") = "Tyuiu.MedvedevKA.Sprint6.Task4.V23", "Tyuiu.MedvedevKA.Sprint6.Task4.V23\Tyuiu.MedvedevKA.Sprint6.Task4.V23.csproj", "{80EA9149-38BA-410A-8727-261EE8827334}"
EndProject
Project("{2150E333-8FDC-42A3-9474-1A3956D46DE8}") = "Task5", "Task5", "{20DC72CC-9B52-4EB3-91EB-15E9ABC19802}"
EndProject
Project("{FAE04EC0-301F-11D3-BF4B-00C04F79EFBC}") = "Tyuiu.MedvedevKA.Sprint6.Task5.V1.Lib", "Tyuiu.MedvedevKA.Sprint6.Task5.V1.Lib\Tyuiu.MedvedevKA.Sprint6.Task5.V1.Lib.csproj", "{AF6BEA10-FDE8-4998-9220-1B4EDE4DBF2D}"
EndProject
Project("{FAE04EC0-301F-11D3-BF4B-00C04F79EFBC}") = "Tyuiu.MedvedevKA.Sprint6.Task5.V1", "Tyuiu.MedvedevKA.Sprint6.Task5.V1\Tyuiu.MedvedevKA.Sprint6.Task5.V1.csproj", "{FCD62F18-2A7E-4A3D-8067-4CCF62AB6C21}"
EndProject
Project("{FAE04EC0-301F-11D3-BF4B-00C04F79EFBC}") = "Tyuiu.MedvedevKA.Sprint6.Task5.V1.Test", "Tyuiu.MedvedevKA.Sprint6.Task5.V1.Test\Tyuiu.MedvedevKA.Sprint6.Task5.V1.Test.csproj", "{FA0D806B-6D6A-493D-8423-F87355B83E70}"
EndProject
Project("{2150E333-8FDC-42A3-9474-1A3956D46DE8}") = "Task6", "Task6", "{1434924E-380F-40D0-A968-D1C03A9112FE}"
EndProject
Project("{FAE04EC0-301F-11D3-BF4B-00C04F79EFBC}") = "Tyuiu.MedvedevKA.Sprint6.Task6.V10", "Tyuiu.MedvedevKA.Sprint6.Task6.V10\Tyuiu.MedvedevKA.Sprint6.Task6.V10.csproj", "{30DC5D27-4887-4B1D-9B33-32E154C95E4E}"
EndProject
Project("{FAE04EC0-301F-11D3-BF4B-00C04F79EFBC}") = "Tyuiu.MedvedevKA.Sprint6.Task6.V10.Lib", "Tyuiu.MedvedevKA.Sprint6.Task6.V10.Lib\Tyuiu.MedvedevKA.Sprint6.Task6.V10.Lib.csproj", "{7FCD24B1-FCB6-4B85-8651-710E786E200A}"
EndProject
Project("{FAE04EC0-301F-11D3-BF4B-00C04F79EFBC}") = "Tyuiu.MedvedevKA.Sprint6.Task6.V10.Test", "Tyuiu.MedvedevKA.Sprint6.Task6.V10.Test\Tyuiu.MedvedevKA.Sprint6.Task6.V10.Test.csproj", "{BD258A80-A9F3-4881-B3C2-26F47934E6EC}"
EndProject
Global
	GlobalSection(SolutionConfigurationPlatforms) = preSolution
		Debug|Any CPU = Debug|Any CPU
		Release|Any CPU = Release|Any CPU
	EndGlobalSection
	GlobalSection(ProjectConfigurationPlatforms) = postSolution
		{30E70523-88EE-4DDA-8B81-5A8AA4AACCC2}.Debug|Any CPU.ActiveCfg = Debug|Any CPU
		{30E70523-88EE-4DDA-8B81-5A8AA4AACCC2}.Debug|Any CPU.Build.0 = Debug|Any CPU
		{30E70523-88EE-4DDA-8B81-5A8AA4AACCC2}.Release|Any CPU.ActiveCfg = Release|Any CPU
		{30E70523-88EE-4DDA-8B81-5A8AA4AACCC2}.Release|Any CPU.Build.0 = Release|Any CPU
		{2821A350-334A-46EB-AB1D-0AC1E10E6843}.Debug|Any CPU.ActiveCfg = Debug|Any CPU
		{2821A350-334A-46EB-AB1D-0AC1E10E6843}.Debug|Any CPU.Build.0 = Debug|Any CPU
		{2821A350-334A-46EB-AB1D-0AC1E10E6843}.Release|Any CPU.ActiveCfg = Release|Any CPU
		{2821A350-334A-46EB-AB1D-0AC1E10E6843}.Release|Any CPU.Build.0 = Release|Any CPU
		{E916D1F0-E9CE-44B8-A7E0-405A4DC97505}.Debug|Any CPU.ActiveCfg = Debug|Any CPU
		{E916D1F0-E9CE-44B8-A7E0-405A4DC97505}.Debug|Any CPU.Build.0 = Debug|Any CPU
		{E916D1F0-E9CE-44B8-A7E0-405A4DC97505}.Release|Any CPU.ActiveCfg = Release|Any CPU
		{E916D1F0-E9CE-44B8-A7E0-405A4DC97505}.Release|Any CPU.Build.0 = Release|Any CPU
		{A2779AAD-BDFE-4D06-BB01-84BB7D07D56B}.Debug|Any CPU.ActiveCfg = Debug|Any CPU
		{A2779AAD-BDFE-4D06-BB01-84BB7D07D56B}.Debug|Any CPU.Build.0 = Debug|Any CPU
		{A2779AAD-BDFE-4D06-BB01-84BB7D07D56B}.Release|Any CPU.ActiveCfg = Release|Any CPU
		{A2779AAD-BDFE-4D06-BB01-84BB7D07D56B}.Release|Any CPU.Build.0 = Release|Any CPU
		{9583FB70-2B54-452E-A78F-ECAF2C4E0BF7}.Debug|Any CPU.ActiveCfg = Debug|Any CPU
		{9583FB70-2B54-452E-A78F-ECAF2C4E0BF7}.Debug|Any CPU.Build.0 = Debug|Any CPU
		{9583FB70-2B54-452E-A78F-ECAF2C4E0BF7}.Release|Any CPU.ActiveCfg = Release|Any CPU
		{9583FB70-2B54-452E-A78F-ECAF2C4E0BF7}.Release|Any CPU.Build.0 = Release|Any CPU
		{46C98895-FFDA-4A52-8BE2-3C52E6E9C973}.Debug|Any CPU.ActiveCfg = Debug|Any CPU
		{46C98895-FFDA-4A52-8BE2-3C52E6E9C973}.Debug|Any CPU.Build.0 = Debug|Any CPU
		{46C98895-FFDA-4A52-8BE2-3C52E6E9C973}.Release|Any CPU.ActiveCfg = Release|Any CPU
		{46C98895-FFDA-4A52-8BE2-3C52E6E9C973}.Release|Any CPU.Build.0 = Release|Any CPU
		{BE4924EB-7CB7-4FDE-BFEE-ACA27286A9DE}.Debug|Any CPU.ActiveCfg = Debug|Any CPU
		{BE4924EB-7CB7-4FDE-BFEE-ACA27286A9DE}.Debug|Any CPU.Build.0 = Debug|Any CPU
		{BE4924EB-7CB7-4FDE-BFEE-ACA27286A9DE}.Release|Any CPU.ActiveCfg = Release|Any CPU
		{BE4924EB-7CB7-4FDE-BFEE-ACA27286A9DE}.Release|Any CPU.Build.0 = Release|Any CPU
		{5F0C4327-3EF2-45FF-92B6-1F700CBB254F}.Debug|Any CPU.ActiveCfg = Debug|Any CPU
		{5F0C4327-3EF2-45FF-92B6-1F700CBB254F}.Debug|Any CPU.Build.0 = Debug|Any CPU
		{5F0C4327-3EF2-45FF-92B6-1F700CBB254F}.Release|Any CPU.ActiveCfg = Release|Any CPU
		{5F0C4327-3EF2-45FF-92B6-1F700CBB254F}.Release|Any CPU.Build.0 = Release|Any CPU
		{24075BF3-5B3A-4AAF-98A1-B7DA3C4669DD}.Debug|Any CPU.ActiveCfg = Debug|Any CPU
		{24075BF3-5B3A-4AAF-98A1-B7DA3C4669DD}.Debug|Any CPU.Build.0 = Debug|Any CPU
		{24075BF3-5B3A-4AAF-98A1-B7DA3C4669DD}.Release|Any CPU.ActiveCfg = Release|Any CPU
		{24075BF3-5B3A-4AAF-98A1-B7DA3C4669DD}.Release|Any CPU.Build.0 = Release|Any CPU
		{C690D275-80B9-4DC7-A552-D4C3FAA75009}.Debug|Any CPU.ActiveCfg = Debug|Any CPU
		{C690D275-80B9-4DC7-A552-D4C3FAA75009}.Debug|Any CPU.Build.0 = Debug|Any CPU
		{C690D275-80B9-4DC7-A552-D4C3FAA75009}.Release|Any CPU.ActiveCfg = Release|Any CPU
		{C690D275-80B9-4DC7-A552-D4C3FAA75009}.Release|Any CPU.Build.0 = Release|Any CPU
		{1F3D1888-7245-4395-8838-90043CB8402D}.Debug|Any CPU.ActiveCfg = Debug|Any CPU
		{1F3D1888-7245-4395-8838-90043CB8402D}.Debug|Any CPU.Build.0 = Debug|Any CPU
		{1F3D1888-7245-4395-8838-90043CB8402D}.Release|Any CPU.ActiveCfg = Release|Any CPU
		{1F3D1888-7245-4395-8838-90043CB8402D}.Release|Any CPU.Build.0 = Release|Any CPU
		{3133C40A-6473-4804-8D28-1FB573129780}.Debug|Any CPU.ActiveCfg = Debug|Any CPU
		{3133C40A-6473-4804-8D28-1FB573129780}.Debug|Any CPU.Build.0 = Debug|Any CPU
		{3133C40A-6473-4804-8D28-1FB573129780}.Release|Any CPU.ActiveCfg = Release|Any CPU
		{3133C40A-6473-4804-8D28-1FB573129780}.Release|Any CPU.Build.0 = Release|Any CPU
		{ECF2FE2B-5480-4B5B-9584-7A7AF5CF1C46}.Debug|Any CPU.ActiveCfg = Debug|Any CPU
		{ECF2FE2B-5480-4B5B-9584-7A7AF5CF1C46}.Debug|Any CPU.Build.0 = Debug|Any CPU
		{ECF2FE2B-5480-4B5B-9584-7A7AF5CF1C46}.Release|Any CPU.ActiveCfg = Release|Any CPU
		{ECF2FE2B-5480-4B5B-9584-7A7AF5CF1C46}.Release|Any CPU.Build.0 = Release|Any CPU
		{954C2397-910F-43C3-9556-431F01B87DD7}.Debug|Any CPU.ActiveCfg = Debug|Any CPU
		{954C2397-910F-43C3-9556-431F01B87DD7}.Debug|Any CPU.Build.0 = Debug|Any CPU
		{954C2397-910F-43C3-9556-431F01B87DD7}.Release|Any CPU.ActiveCfg = Release|Any CPU
		{954C2397-910F-43C3-9556-431F01B87DD7}.Release|Any CPU.Build.0 = Release|Any CPU
		{80EA9149-38BA-410A-8727-261EE8827334}.Debug|Any CPU.ActiveCfg = Debug|Any CPU
		{80EA9149-38BA-410A-8727-261EE8827334}.Debug|Any CPU.Build.0 = Debug|Any CPU
		{80EA9149-38BA-410A-8727-261EE8827334}.Release|Any CPU.ActiveCfg = Release|Any CPU
		{80EA9149-38BA-410A-8727-261EE8827334}.Release|Any CPU.Build.0 = Release|Any CPU
		{AF6BEA10-FDE8-4998-9220-1B4EDE4DBF2D}.Debug|Any CPU.ActiveCfg = Debug|Any CPU
		{AF6BEA10-FDE8-4998-9220-1B4EDE4DBF2D}.Debug|Any CPU.Build.0 = Debug|Any CPU
		{AF6BEA10-FDE8-4998-9220-1B4EDE4DBF2D}.Release|Any CPU.ActiveCfg = Release|Any CPU
		{AF6BEA10-FDE8-4998-9220-1B4EDE4DBF2D}.Release|Any CPU.Build.0 = Release|Any CPU
		{FCD62F18-2A7E-4A3D-8067-4CCF62AB6C21}.Debug|Any CPU.ActiveCfg = Debug|Any CPU
		{FCD62F18-2A7E-4A3D-8067-4CCF62AB6C21}.Debug|Any CPU.Build.0 = Debug|Any CPU
		{FCD62F18-2A7E-4A3D-8067-4CCF62AB6C21}.Release|Any CPU.ActiveCfg = Release|Any CPU
		{FCD62F18-2A7E-4A3D-8067-4CCF62AB6C21}.Release|Any CPU.Build.0 = Release|Any CPU
		{FA0D806B-6D6A-493D-8423-F87355B83E70}.Debug|Any CPU.ActiveCfg = Debug|Any CPU
		{FA0D806B-6D6A-493D-8423-F87355B83E70}.Debug|Any CPU.Build.0 = Debug|Any CPU
		{FA0D806B-6D6A-493D-8423-F87355B83E70}.Release|Any CPU.ActiveCfg = Release|Any CPU
		{FA0D806B-6D6A-493D-8423-F87355B83E70}.Release|Any CPU.Build.0 = Release|Any CPU
		{30DC5D27-4887-4B1D-9B33-32E154C95E4E}.Debug|Any CPU.ActiveCfg = Debug|Any CPU
		{30DC5D27-4887-4B1D-9B33-32E154C95E4E}.Debug|Any CPU.Build.0 = Debug|Any CPU
		{30DC5D27-4887-4B1D-9B33-32E154C95E4E}.Release|Any CPU.ActiveCfg = Release|Any CPU
		{30DC5D27-4887-4B1D-9B33-32E154C95E4E}.Release|Any CPU.Build.0 = Release|Any CPU
		{7FCD24B1-FCB6-4B85-8651-710E786E200A}.Debug|Any CPU.ActiveCfg = Debug|Any CPU
		{7FCD24B1-FCB6-4B85-8651-710E786E200A}.Debug|Any CPU.Build.0 = Debug|Any CPU
		{7FCD24B1-FCB6-4B85-8651-710E786E200A}.Release|Any CPU.ActiveCfg = Release|Any CPU
		{7FCD24B1-FCB6-4B85-8651-710E786E200A}.Release|Any CPU.Build.0 = Release|Any CPU
		{BD258A80-A9F3-4881-B3C2-26F47934E6EC}.Debug|Any CPU.ActiveCfg = Debug|Any CPU
		{BD258A80-A9F3-4881-B3C2-26F47934E6EC}.Debug|Any CPU.Build.0 = Debug|Any CPU
		{BD258A80-A9F3-4881-B3C2-26F47934E6EC}.Release|Any CPU.ActiveCfg = Release|Any CPU
		{BD258A80-A9F3-4881-B3C2-26F47934E6EC}.Release|Any CPU.Build.0 = Release|Any CPU
	EndGlobalSection
	GlobalSection(SolutionProperties) = preSolution
		HideSolutionNode = FALSE
	EndGlobalSection
	GlobalSection(NestedProjects) = preSolution
		{30E70523-88EE-4DDA-8B81-5A8AA4AACCC2} = {C960F1B4-985C-4158-A1EF-62EFED2CE8C0}
		{2821A350-334A-46EB-AB1D-0AC1E10E6843} = {C960F1B4-985C-4158-A1EF-62EFED2CE8C0}
		{E916D1F0-E9CE-44B8-A7E0-405A4DC97505} = {C960F1B4-985C-4158-A1EF-62EFED2CE8C0}
		{A2779AAD-BDFE-4D06-BB01-84BB7D07D56B} = {25439EEF-FEAD-49B1-A6F2-10D0060F5EA8}
		{9583FB70-2B54-452E-A78F-ECAF2C4E0BF7} = {25439EEF-FEAD-49B1-A6F2-10D0060F5EA8}
		{46C98895-FFDA-4A52-8BE2-3C52E6E9C973} = {25439EEF-FEAD-49B1-A6F2-10D0060F5EA8}
		{BE4924EB-7CB7-4FDE-BFEE-ACA27286A9DE} = {11CB5F9D-98CD-4206-88FF-2FDCB41FAA0A}
		{5F0C4327-3EF2-45FF-92B6-1F700CBB254F} = {11CB5F9D-98CD-4206-88FF-2FDCB41FAA0A}
		{24075BF3-5B3A-4AAF-98A1-B7DA3C4669DD} = {11CB5F9D-98CD-4206-88FF-2FDCB41FAA0A}
		{C690D275-80B9-4DC7-A552-D4C3FAA75009} = {C3B19D91-BB5C-4618-8547-DAAB324C1872}
		{1F3D1888-7245-4395-8838-90043CB8402D} = {C3B19D91-BB5C-4618-8547-DAAB324C1872}
		{3133C40A-6473-4804-8D28-1FB573129780} = {C3B19D91-BB5C-4618-8547-DAAB324C1872}
		{ECF2FE2B-5480-4B5B-9584-7A7AF5CF1C46} = {3D014B99-E888-4C7E-B902-382E60FDCB1E}
		{954C2397-910F-43C3-9556-431F01B87DD7} = {3D014B99-E888-4C7E-B902-382E60FDCB1E}
		{80EA9149-38BA-410A-8727-261EE8827334} = {3D014B99-E888-4C7E-B902-382E60FDCB1E}
		{AF6BEA10-FDE8-4998-9220-1B4EDE4DBF2D} = {20DC72CC-9B52-4EB3-91EB-15E9ABC19802}
		{FCD62F18-2A7E-4A3D-8067-4CCF62AB6C21} = {20DC72CC-9B52-4EB3-91EB-15E9ABC19802}
		{FA0D806B-6D6A-493D-8423-F87355B83E70} = {20DC72CC-9B52-4EB3-91EB-15E9ABC19802}
		{30DC5D27-4887-4B1D-9B33-32E154C95E4E} = {1434924E-380F-40D0-A968-D1C03A9112FE}
		{7FCD24B1-FCB6-4B85-8651-710E786E200A} = {1434924E-380F-40D0-A968-D1C03A9112FE}
		{BD258A80-A9F3-4881-B3C2-26F47934E6EC} = {1434924E-380F-40D0-A968-D1C03A9112FE}
	EndGlobalSection
	GlobalSection(ExtensibilityGlobals) = postSolution
		SolutionGuid = {09CD7FD7-A4C9-46CF-BF40-15713F3750A0}
	EndGlobalSection
EndGlobal
