
Microsoft Visual Studio Solution File, Format Version 12.00
# Visual Studio Version 16
VisualStudioVersion = 16.0.34031.81
MinimumVisualStudioVersion = 10.0.40219.1
Project("{2150E333-8FDC-42A3-9474-1A3956D46DE8}") = "Task0", "Task0", "{C960F1B4-985C-4158-A1EF-62EFED2CE8C0}"
EndProject
Project("{FAE04EC0-301F-11D3-BF4B-00C04F79EFBC}") = "Tyuiu.MedvedevKA.Sprint6.Task0.V4.Lib", "Tyuiu.MedvedevKA.Sprint6.Task0.V4.Lib\Tyuiu.MedvedevKA.Sprint6.Task0.V4.Lib.csproj", "{30E70523-88EE-4DDA-8B81-5A8AA4AACCC2}"
EndProject
Project("{FAE04EC0-301F-11D3-BF4B-00C04F79EFBC}") = "Tyuiu.MedvedevKA.Sprint6.Task0.V4.Test", "Tyuiu.MedvedevKA.Sprint6.Task0.V4.Test\Tyuiu.MedvedevKA.Sprint6.Task0.V4.Test.csproj", "{2821A350-334A-46EB-AB1D-0AC1E10E6843}"
EndProject
Project("{FAE04EC0-301F-11D3-BF4B-00C04F79EFBC}") = "Tyuiu.MedvedevKA.Sprint6.Task0.V4", "Tyuiu.MedvedevKA.Sprint6.Task0.V4\Tyuiu.MedvedevKA.Sprint6.Task0.V4.csproj", "{E916D1F0-E9CE-44B8-A7E0-405A4DC97505}"
EndProject
Project("{2150E333-8FDC-42A3-9474-1A3956D46DE8}") = "Task1", "Task1", "{25439EEF-FEAD-49B1-A6F2-10D0060F5EA8}"
EndProject
Project("{FAE04EC0-301F-11D3-BF4B-00C04F79EFBC}") = "Tyuiu.MedvedevKA.Sprint6.Task1.V4.Lib", "Tyuiu.MedvedevKA.Sprint6.Task1.V4.Lib\Tyuiu.MedvedevKA.Sprint6.Task1.V4.Lib.csproj", "{A2779AAD-BDFE-4D06-BB01-84BB7D07D56B}"
EndProject
Project("{FAE04EC0-301F-11D3-BF4B-00C04F79EFBC}") = "Tyuiu.MedvedevKA.Sprint6.Task1.V4.Test", "Tyuiu.MedvedevKA.Sprint6.Task1.V4.Test\Tyuiu.MedvedevKA.Sprint6.Task1.V4.Test.csproj", "{9583FB70-2B54-452E-A78F-ECAF2C4E0BF7}"
EndProject
Project("{FAE04EC0-301F-11D3-BF4B-00C04F79EFBC}") = "Tyuiu.MedvedevKA.Sprint6.Task1.V4", "Tyuiu.MedvedevKA.Sprint6.Task1.V4\Tyuiu.MedvedevKA.Sprint6.Task1.V4.csproj", "{46C98895-FFDA-4A52-8BE2-3C52E6E9C973}"
EndProject
Project("{2150E333-8FDC-42A3-9474-1A3956D46DE8}") = "Task2", "Task2", "{11CB5F9D-98CD-4206-88FF-2FDCB41FAA0A}"
EndProject
Project("{FAE04EC0-301F-11D3-BF4B-00C04F79EFBC}") = "Tyuiu.MedvedevKA.Sprint6.Task2.V20.Lib", "Tyuiu.MedvedevKA.Sprint6.Task2.V20.Lib\Tyuiu.MedvedevKA.Sprint6.Task2.V20.Lib.csproj", "{BE4924EB-7CB7-4FDE-BFEE-ACA27286A9DE}"
EndProject
Project("{FAE04EC0-301F-11D3-BF4B-00C04F79EFBC}") = "Tyuiu.MedvedevKA.Sprint6.Task2.V20.Test", "Tyuiu.MedvedevKA.Sprint6.Task2.V20.Test\Tyuiu.MedvedevKA.Sprint6.Task2.V20.Test.csproj", "{5F0C4327-3EF2-45FF-92B6-1F700CBB254F}"
EndProject
Project("{FAE04EC0-301F-11D3-BF4B-00C04F79EFBC}") = "Tyuiu.MedvedevKA.Sprint6.Task2.V20", "Tyuiu.MedvedevKA.Sprint6.Task2.V20\Tyuiu.MedvedevKA.Sprint6.Task2.V20.csproj", "{24075BF3-5B3A-4AAF-98A1-B7DA3C4669DD}"
EndProject
Global
	GlobalSection(SolutionConfigurationPlatforms) = preSolution
		Debug|Any CPU = Debug|Any CPU
		Release|Any CPU = Release|Any CPU
	EndGlobalSection
	GlobalSection(ProjectConfigurationPlatforms) = postSolution
		{30E70523-88EE-4DDA-8B81-5A8AA4AACCC2}.Debug|Any CPU.ActiveCfg = Debug|Any CPU
		{30E70523-88EE-4DDA-8B81-5A8AA4AACCC2}.Debug|Any CPU.Build.0 = Debug|Any CPU
		{30E70523-88EE-4DDA-8B81-5A8AA4AACCC2}.Release|Any CPU.ActiveCfg = Release|Any CPU
		{30E70523-88EE-4DDA-8B81-5A8AA4AACCC2}.Release|Any CPU.Build.0 = Release|Any CPU
		{2821A350-334A-46EB-AB1D-0AC1E10E6843}.Debug|Any CPU.ActiveCfg = Debug|Any CPU
		{2821A350-334A-46EB-AB1D-0AC1E10E6843}.Debug|Any CPU.Build.0 = Debug|Any CPU
		{2821A350-334A-46EB-AB1D-0AC1E10E6843}.Release|Any CPU.ActiveCfg = Release|Any CPU
		{2821A350-334A-46EB-AB1D-0AC1E10E6843}.Release|Any CPU.Build.0 = Release|Any CPU
		{E916D1F0-E9CE-44B8-A7E0-405A4DC97505}.Debug|Any CPU.ActiveCfg = Debug|Any CPU
		{E916D1F0-E9CE-44B8-A7E0-405A4DC97505}.Debug|Any CPU.Build.0 = Debug|Any CPU
		{E916D1F0-E9CE-44B8-A7E0-405A4DC97505}.Release|Any CPU.ActiveCfg = Release|Any CPU
		{E916D1F0-E9CE-44B8-A7E0-405A4DC97505}.Release|Any CPU.Build.0 = Release|Any CPU
		{A2779AAD-BDFE-4D06-BB01-84BB7D07D56B}.Debug|Any CPU.ActiveCfg = Debug|Any CPU
		{A2779AAD-BDFE-4D06-BB01-84BB7D07D56B}.Debug|Any CPU.Build.0 = Debug|Any CPU
		{A2779AAD-BDFE-4D06-BB01-84BB7D07D56B}.Release|Any CPU.ActiveCfg = Release|Any CPU
		{A2779AAD-BDFE-4D06-BB01-84BB7D07D56B}.Release|Any CPU.Build.0 = Release|Any CPU
		{9583FB70-2B54-452E-A78F-ECAF2C4E0BF7}.Debug|Any CPU.ActiveCfg = Debug|Any CPU
		{9583FB70-2B54-452E-A78F-ECAF2C4E0BF7}.Debug|Any CPU.Build.0 = Debug|Any CPU
		{9583FB70-2B54-452E-A78F-ECAF2C4E0BF7}.Release|Any CPU.ActiveCfg = Release|Any CPU
		{9583FB70-2B54-452E-A78F-ECAF2C4E0BF7}.Release|Any CPU.Build.0 = Release|Any CPU
		{46C98895-FFDA-4A52-8BE2-3C52E6E9C973}.Debug|Any CPU.ActiveCfg = Debug|Any CPU
		{46C98895-FFDA-4A52-8BE2-3C52E6E9C973}.Debug|Any CPU.Build.0 = Debug|Any CPU
		{46C98895-FFDA-4A52-8BE2-3C52E6E9C973}.Release|Any CPU.ActiveCfg = Release|Any CPU
		{46C98895-FFDA-4A52-8BE2-3C52E6E9C973}.Release|Any CPU.Build.0 = Release|Any CPU
		{BE4924EB-7CB7-4FDE-BFEE-ACA27286A9DE}.Debug|Any CPU.ActiveCfg = Debug|Any CPU
		{BE4924EB-7CB7-4FDE-BFEE-ACA27286A9DE}.Debug|Any CPU.Build.0 = Debug|Any CPU
		{BE4924EB-7CB7-4FDE-BFEE-ACA27286A9DE}.Release|Any CPU.ActiveCfg = Release|Any CPU
		{BE4924EB-7CB7-4FDE-BFEE-ACA27286A9DE}.Release|Any CPU.Build.0 = Release|Any CPU
		{5F0C4327-3EF2-45FF-92B6-1F700CBB254F}.Debug|Any CPU.ActiveCfg = Debug|Any CPU
		{5F0C4327-3EF2-45FF-92B6-1F700CBB254F}.Debug|Any CPU.Build.0 = Debug|Any CPU
		{5F0C4327-3EF2-45FF-92B6-1F700CBB254F}.Release|Any CPU.ActiveCfg = Release|Any CPU
		{5F0C4327-3EF2-45FF-92B6-1F700CBB254F}.Release|Any CPU.Build.0 = Release|Any CPU
		{24075BF3-5B3A-4AAF-98A1-B7DA3C4669DD}.Debug|Any CPU.ActiveCfg = Debug|Any CPU
		{24075BF3-5B3A-4AAF-98A1-B7DA3C4669DD}.Debug|Any CPU.Build.0 = Debug|Any CPU
		{24075BF3-5B3A-4AAF-98A1-B7DA3C4669DD}.Release|Any CPU.ActiveCfg = Release|Any CPU
		{24075BF3-5B3A-4AAF-98A1-B7DA3C4669DD}.Release|Any CPU.Build.0 = Release|Any CPU
	EndGlobalSection
	GlobalSection(SolutionProperties) = preSolution
		HideSolutionNode = FALSE
	EndGlobalSection
	GlobalSection(NestedProjects) = preSolution
		{30E70523-88EE-4DDA-8B81-5A8AA4AACCC2} = {C960F1B4-985C-4158-A1EF-62EFED2CE8C0}
		{2821A350-334A-46EB-AB1D-0AC1E10E6843} = {C960F1B4-985C-4158-A1EF-62EFED2CE8C0}
		{E916D1F0-E9CE-44B8-A7E0-405A4DC97505} = {C960F1B4-985C-4158-A1EF-62EFED2CE8C0}
		{A2779AAD-BDFE-4D06-BB01-84BB7D07D56B} = {25439EEF-FEAD-49B1-A6F2-10D0060F5EA8}
		{9583FB70-2B54-452E-A78F-ECAF2C4E0BF7} = {25439EEF-FEAD-49B1-A6F2-10D0060F5EA8}
		{46C98895-FFDA-4A52-8BE2-3C52E6E9C973} = {25439EEF-FEAD-49B1-A6F2-10D0060F5EA8}
		{BE4924EB-7CB7-4FDE-BFEE-ACA27286A9DE} = {11CB5F9D-98CD-4206-88FF-2FDCB41FAA0A}
		{5F0C4327-3EF2-45FF-92B6-1F700CBB254F} = {11CB5F9D-98CD-4206-88FF-2FDCB41FAA0A}
		{24075BF3-5B3A-4AAF-98A1-B7DA3C4669DD} = {11CB5F9D-98CD-4206-88FF-2FDCB41FAA0A}
	EndGlobalSection
	GlobalSection(ExtensibilityGlobals) = postSolution
		SolutionGuid = {09CD7FD7-A4C9-46CF-BF40-15713F3750A0}
	EndGlobalSection
EndGlobal
